
Microsoft Visual Studio Solution File, Format Version 12.00
# Visual Studio Version 17
VisualStudioVersion = 17.4.33110.190
MinimumVisualStudioVersion = 10.0.40219.1
Project("{FAE04EC0-301F-11D3-BF4B-00C04F79EFBC}") = "ReadLinesOfTextInput", "ReadLinesOfTextInput\ReadLinesOfTextInput.csproj", "{7FA9E657-5B08-434D-893D-01D6C6333B03}"
EndProject
Project("{FAE04EC0-301F-11D3-BF4B-00C04F79EFBC}") = "WaitingForKeysToBePressed", "WaitingForKeysToBePressed\WaitingForKeysToBePressed.csproj", "{A34341BC-687D-4458-805E-B65449584A13}"
EndProject
Global
	GlobalSection(SolutionConfigurationPlatforms) = preSolution
		Debug|Any CPU = Debug|Any CPU
		Release|Any CPU = Release|Any CPU
	EndGlobalSection
	GlobalSection(ProjectConfigurationPlatforms) = postSolution
		{7FA9E657-5B08-434D-893D-01D6C6333B03}.Debug|Any CPU.ActiveCfg = Debug|Any CPU
		{7FA9E657-5B08-434D-893D-01D6C6333B03}.Debug|Any CPU.Build.0 = Debug|Any CPU
		{7FA9E657-5B08-434D-893D-01D6C6333B03}.Release|Any CPU.ActiveCfg = Release|Any CPU
		{7FA9E657-5B08-434D-893D-01D6C6333B03}.Release|Any CPU.Build.0 = Release|Any CPU
		{A34341BC-687D-4458-805E-B65449584A13}.Debug|Any CPU.ActiveCfg = Debug|Any CPU
		{A34341BC-687D-4458-805E-B65449584A13}.Debug|Any CPU.Build.0 = Debug|Any CPU
		{A34341BC-687D-4458-805E-B65449584A13}.Release|Any CPU.ActiveCfg = Release|Any CPU
		{A34341BC-687D-4458-805E-B65449584A13}.Release|Any CPU.Build.0 = Release|Any CPU
	EndGlobalSection
	GlobalSection(SolutionProperties) = preSolution
		HideSolutionNode = FALSE
	EndGlobalSection
	GlobalSection(ExtensibilityGlobals) = postSolution
		SolutionGuid = {4AEDE9A1-453B-47EE-B036-0FBF276DD03A}
	EndGlobalSection
EndGlobal
